hash: 66e561238c91395792bfe617a6ab6aee4a2cfbedd8c6c9bcd06002ba017e3524
updated: 2018-08-01T17:28:46.4532078+08:00
imports:
- name: github.com/godaner/go-route
  version: da45345fb5df50f04506cc0017d615e8bbdd1068
- name: github.com/godaner/go-util
  version: 28c0934fd035c4446163fa1825a3598c3e2b4c83
- name: github.com/imzjy/wxpay
  version: ec90c48b83540e808c6802b6e3753cc6e0b57299
testImports: []
